
Microsoft Visual Studio Solution File, Format Version 12.00
# Visual Studio Version 17
VisualStudioVersion = 17.2.32602.215
MinimumVisualStudioVersion = 10.0.40219.1
Project("{9A19103F-16F7-4668-BE54-9A1E7A4F7556}") = "TestCMSCoreAPI", "TestCMSCoreAPI\TestCMSCoreAPI.csproj", "{6E485E82-ABD6-4B61-8D76-343EAEB8098D}"
EndProject
Project("{9A19103F-16F7-4668-BE54-9A1E7A4F7556}") = "ServiceManager", "ServiceManager\ServiceManager.csproj", "{65FBF97F-1B74-4385-839B-3BF28EEF81ED}"
EndProject
Project("{9A19103F-16F7-4668-BE54-9A1E7A4F7556}") = "RepositoryManager", "RepositoryManager\RepositoryManager.csproj", "{AB071F82-F854-497E-8F91-835536353958}"
EndProject
Project("{9A19103F-16F7-4668-BE54-9A1E7A4F7556}") = "DataManager", "DataManager\DataManager.csproj", "{74A5BEA1-FC2B-40CF-A0EB-C6D98F0A4F25}"
EndProject
Project("{9A19103F-16F7-4668-BE54-9A1E7A4F7556}") = "TestNUnit", "TestNUnit\TestNUnit.csproj", "{A6B8361B-0650-47CA-ABEA-D9871FB8A756}"
EndProject
Project("{9A19103F-16F7-4668-BE54-9A1E7A4F7556}") = "TestXUnit", "TestXUnit\TestXUnit.csproj", "{790DF85C-2E06-4706-8050-C381375802DF}"
EndProject
Global
	GlobalSection(SolutionConfigurationPlatforms) = preSolution
		Debug|Any CPU = Debug|Any CPU
		Release|Any CPU = Release|Any CPU
	EndGlobalSection
	GlobalSection(ProjectConfigurationPlatforms) = postSolution
		{6E485E82-ABD6-4B61-8D76-343EAEB8098D}.Debug|Any CPU.ActiveCfg = Debug|Any CPU
		{6E485E82-ABD6-4B61-8D76-343EAEB8098D}.Debug|Any CPU.Build.0 = Debug|Any CPU
		{6E485E82-ABD6-4B61-8D76-343EAEB8098D}.Release|Any CPU.ActiveCfg = Release|Any CPU
		{6E485E82-ABD6-4B61-8D76-343EAEB8098D}.Release|Any CPU.Build.0 = Release|Any CPU
		{65FBF97F-1B74-4385-839B-3BF28EEF81ED}.Debug|Any CPU.ActiveCfg = Debug|Any CPU
		{65FBF97F-1B74-4385-839B-3BF28EEF81ED}.Debug|Any CPU.Build.0 = Debug|Any CPU
		{65FBF97F-1B74-4385-839B-3BF28EEF81ED}.Release|Any CPU.ActiveCfg = Release|Any CPU
		{65FBF97F-1B74-4385-839B-3BF28EEF81ED}.Release|Any CPU.Build.0 = Release|Any CPU
		{AB071F82-F854-497E-8F91-835536353958}.Debug|Any CPU.ActiveCfg = Debug|Any CPU
		{AB071F82-F854-497E-8F91-835536353958}.Debug|Any CPU.Build.0 = Debug|Any CPU
		{AB071F82-F854-497E-8F91-835536353958}.Release|Any CPU.ActiveCfg = Release|Any CPU
		{AB071F82-F854-497E-8F91-835536353958}.Release|Any CPU.Build.0 = Release|Any CPU
		{74A5BEA1-FC2B-40CF-A0EB-C6D98F0A4F25}.Debug|Any CPU.ActiveCfg = Debug|Any CPU
		{74A5BEA1-FC2B-40CF-A0EB-C6D98F0A4F25}.Debug|Any CPU.Build.0 = Debug|Any CPU
		{74A5BEA1-FC2B-40CF-A0EB-C6D98F0A4F25}.Release|Any CPU.ActiveCfg = Release|Any CPU
		{74A5BEA1-FC2B-40CF-A0EB-C6D98F0A4F25}.Release|Any CPU.Build.0 = Release|Any CPU
		{A6B8361B-0650-47CA-ABEA-D9871FB8A756}.Debug|Any CPU.ActiveCfg = Debug|Any CPU
		{A6B8361B-0650-47CA-ABEA-D9871FB8A756}.Debug|Any CPU.Build.0 = Debug|Any CPU
		{A6B8361B-0650-47CA-ABEA-D9871FB8A756}.Release|Any CPU.ActiveCfg = Release|Any CPU
		{A6B8361B-0650-47CA-ABEA-D9871FB8A756}.Release|Any CPU.Build.0 = Release|Any CPU
		{790DF85C-2E06-4706-8050-C381375802DF}.Debug|Any CPU.ActiveCfg = Debug|Any CPU
		{790DF85C-2E06-4706-8050-C381375802DF}.Debug|Any CPU.Build.0 = Debug|Any CPU
		{790DF85C-2E06-4706-8050-C381375802DF}.Release|Any CPU.ActiveCfg = Release|Any CPU
		{790DF85C-2E06-4706-8050-C381375802DF}.Release|Any CPU.Build.0 = Release|Any CPU
	EndGlobalSection
	GlobalSection(SolutionProperties) = preSolution
		HideSolutionNode = FALSE
	EndGlobalSection
	GlobalSection(ExtensibilityGlobals) = postSolution
		SolutionGuid = {5EAEA6BD-F19C-486E-B196-A723F5D60BCE}
	EndGlobalSection
EndGlobal
